
Microsoft Visual Studio Solution File, Format Version 12.00
# Visual Studio Version 17
VisualStudioVersion = 17.12.35527.113
MinimumVisualStudioVersion = 10.0.40219.1
Project("{FAE04EC0-301F-11D3-BF4B-00C04F79EFBC}") = "MyWebAPI", "MyWebAPI\MyWebAPI.csproj", "{2B966A61-37B5-47D6-8BD7-935879E4AAAF}"
EndProject
Project("{FAE04EC0-301F-11D3-BF4B-00C04F79EFBC}") = "MyRepositories", "MyRepositories\MyRepositories.csproj", "{139DCB1A-F7CA-47F2-9255-70D806626891}"
EndProject
Project("{FAE04EC0-301F-11D3-BF4B-00C04F79EFBC}") = "MyModels", "MyModels\MyModels.csproj", "{E11E2582-B21E-4E1D-AF03-36DF8EB52B32}"
EndProject
Project("{FAE04EC0-301F-11D3-BF4B-00C04F79EFBC}") = "Utilities", "Utilities\Utilities.csproj", "{B4EC5634-6A3E-48F5-9B8D-AD0B616A4717}"
EndProject
Project("{FAE04EC0-301F-11D3-BF4B-00C04F79EFBC}") = "MyJWT", "MyJWT\MyJWT.csproj", "{D213C37B-BA34-4542-BFDB-BDD72D332AFA}"
EndProject
Global
	GlobalSection(SolutionConfigurationPlatforms) = preSolution
		Debug|Any CPU = Debug|Any CPU
		Release|Any CPU = Release|Any CPU
	EndGlobalSection
	GlobalSection(ProjectConfigurationPlatforms) = postSolution
		{2B966A61-37B5-47D6-8BD7-935879E4AAAF}.Debug|Any CPU.ActiveCfg = Debug|Any CPU
		{2B966A61-37B5-47D6-8BD7-935879E4AAAF}.Debug|Any CPU.Build.0 = Debug|Any CPU
		{2B966A61-37B5-47D6-8BD7-935879E4AAAF}.Release|Any CPU.ActiveCfg = Release|Any CPU
		{2B966A61-37B5-47D6-8BD7-935879E4AAAF}.Release|Any CPU.Build.0 = Release|Any CPU
		{139DCB1A-F7CA-47F2-9255-70D806626891}.Debug|Any CPU.ActiveCfg = Debug|Any CPU
		{139DCB1A-F7CA-47F2-9255-70D806626891}.Debug|Any CPU.Build.0 = Debug|Any CPU
		{139DCB1A-F7CA-47F2-9255-70D806626891}.Release|Any CPU.ActiveCfg = Release|Any CPU
		{139DCB1A-F7CA-47F2-9255-70D806626891}.Release|Any CPU.Build.0 = Release|Any CPU
		{E11E2582-B21E-4E1D-AF03-36DF8EB52B32}.Debug|Any CPU.ActiveCfg = Debug|Any CPU
		{E11E2582-B21E-4E1D-AF03-36DF8EB52B32}.Debug|Any CPU.Build.0 = Debug|Any CPU
		{E11E2582-B21E-4E1D-AF03-36DF8EB52B32}.Release|Any CPU.ActiveCfg = Release|Any CPU
		{E11E2582-B21E-4E1D-AF03-36DF8EB52B32}.Release|Any CPU.Build.0 = Release|Any CPU
		{B4EC5634-6A3E-48F5-9B8D-AD0B616A4717}.Debug|Any CPU.ActiveCfg = Debug|Any CPU
		{B4EC5634-6A3E-48F5-9B8D-AD0B616A4717}.Debug|Any CPU.Build.0 = Debug|Any CPU
		{B4EC5634-6A3E-48F5-9B8D-AD0B616A4717}.Release|Any CPU.ActiveCfg = Release|Any CPU
		{B4EC5634-6A3E-48F5-9B8D-AD0B616A4717}.Release|Any CPU.Build.0 = Release|Any CPU
		{D213C37B-BA34-4542-BFDB-BDD72D332AFA}.Debug|Any CPU.ActiveCfg = Debug|Any CPU
		{D213C37B-BA34-4542-BFDB-BDD72D332AFA}.Debug|Any CPU.Build.0 = Debug|Any CPU
		{D213C37B-BA34-4542-BFDB-BDD72D332AFA}.Release|Any CPU.ActiveCfg = Release|Any CPU
		{D213C37B-BA34-4542-BFDB-BDD72D332AFA}.Release|Any CPU.Build.0 = Release|Any CPU
	EndGlobalSection
	GlobalSection(SolutionProperties) = preSolution
		HideSolutionNode = FALSE
	EndGlobalSection
EndGlobal
